
Microsoft Visual Studio Solution File, Format Version 12.00
# Visual Studio 15
VisualStudioVersion = 15.0.27428.2002
MinimumVisualStudioVersion = 10.0.40219.1
Project("{FAE04EC0-301F-11D3-BF4B-00C04F79EFBC}") = "DagGenerator", "DagGenerator\DagGenerator.csproj", "{15307657-490C-45F5-8D5B-2A5B8BBB5D13}"
EndProject
Global
	GlobalSection(SolutionConfigurationPlatforms) = preSolution
		Debug|Any CPU = Debug|Any CPU
		Release|Any CPU = Release|Any CPU
	EndGlobalSection
	GlobalSection(ProjectConfigurationPlatforms) = postSolution
		{15307657-490C-45F5-8D5B-2A5B8BBB5D13}.Debug|Any CPU.ActiveCfg = Debug|Any CPU
		{15307657-490C-45F5-8D5B-2A5B8BBB5D13}.Debug|Any CPU.Build.0 = Debug|Any CPU
		{15307657-490C-45F5-8D5B-2A5B8BBB5D13}.Release|Any CPU.ActiveCfg = Release|Any CPU
		{15307657-490C-45F5-8D5B-2A5B8BBB5D13}.Release|Any CPU.Build.0 = Release|Any CPU
	EndGlobalSection
	GlobalSection(SolutionProperties) = preSolution
		HideSolutionNode = FALSE
	EndGlobalSection
	GlobalSection(ExtensibilityGlobals) = postSolution
		SolutionGuid = {9A15A176-7E8B-4D60-97D4-45E923FE6D6F}
	EndGlobalSection
EndGlobal
